{
  "requires": true,
  "lockfileVersion": 1,
  "dependencies": {
    "immer": {
      "version": "7.0.3",
      "resolved": "https://registry.npmjs.org/immer/-/immer-7.0.3.tgz",
      "integrity": "sha512-1f/jaF27WVb3X5Tk1AmOYZE+JZgMl50pIS5I8e/Je+HpYHjHwPfzm6dTEvOAUi6jq+/anFXev7agoOgJaL5RFw=="
    }
  }
}
